
Microsoft Visual Studio Solution File, Format Version 11.00
# Visual Studio 2010
Project("{FAE04EC0-301F-11D3-BF4B-00C04F79EFBC}") = "THOK.Authority.Dal", "THOK.Authority.Dal\THOK.Authority.Dal.csproj", "{A8E32F0A-A9F4-4CDD-8C7A-8304CD034070}"
EndProject
Project("{FAE04EC0-301F-11D3-BF4B-00C04F79EFBC}") = "THOK.Authority.Bll", "THOK.Authority.Bll\THOK.Authority.Bll.csproj", "{8375EB8C-20CB-4E3E-BCF4-85E54F61D241}"
EndProject
Project("{FAE04EC0-301F-11D3-BF4B-00C04F79EFBC}") = "THOK.Authority.DbModel", "THOK.Authority.DbModel\THOK.Authority.DbModel.csproj", "{F7EB9C5D-6082-4DE6-B1C0-740AFF0CFE11}"
EndProject
Project("{FAE04EC0-301F-11D3-BF4B-00C04F79EFBC}") = "THOK.Wms.DbModel", "THOK.Wms.DbModel\THOK.Wms.DbModel.csproj", "{E243AB76-351D-4C97-BFE3-D55E0BA0DECF}"
EndProject
Project("{FAE04EC0-301F-11D3-BF4B-00C04F79EFBC}") = "THOK.Common", "THOK.Common\THOK.Common.csproj", "{2F9C4207-F8A0-4E55-A2CB-3514ADC0A437}"
EndProject
Project("{FAE04EC0-301F-11D3-BF4B-00C04F79EFBC}") = "THOK.Common.Ef", "THOK.Common.Ef\THOK.Common.Ef.csproj", "{59FB8EB5-F5B8-4423-8550-A7819C855CDE}"
EndProject
Project("{FAE04EC0-301F-11D3-BF4B-00C04F79EFBC}") = "THOK.Common.WebUtil", "THOK.Common.WEBUtil\THOK.Common.WebUtil.csproj", "{EC6DCF36-B010-4E48-88FC-BABC33EBCCFB}"
EndProject
Project("{FAE04EC0-301F-11D3-BF4B-00C04F79EFBC}") = "THOK.Wms.Dal", "THOK.Wms.Dal\THOK.Wms.Dal.csproj", "{DB6CC091-9BC6-415C-A0D2-E34289669102}"
EndProject
Project("{FAE04EC0-301F-11D3-BF4B-00C04F79EFBC}") = "THOK.Wms.Bll", "THOK.Wms.Bll\THOK.Wms.Bll.csproj", "{2B8E7C92-13CA-426C-94DA-7D021EBD504C}"
EndProject
Project("{FAE04EC0-301F-11D3-BF4B-00C04F79EFBC}") = "THOK.Wms.Repository", "THOK.Wms.Repository\THOK.Wms.Repository.csproj", "{259E5E16-41D8-420F-A11C-72BEE784B5CB}"
EndProject
Project("{FAE04EC0-301F-11D3-BF4B-00C04F79EFBC}") = "Wms", "Wms\Wms.csproj", "{B6AE2761-94D7-45B1-989E-F1BC3B860590}"
EndProject
Project("{FAE04EC0-301F-11D3-BF4B-00C04F79EFBC}") = "THOK.Wms.Allot", "THOK.Wms.Allot\THOK.Wms.Allot.csproj", "{330D59D0-3B57-4F12-BB7D-49AF46DCD46D}"
EndProject
Project("{2150E333-8FDC-42A3-9474-1A3956D46DE8}") = "Doc", "Doc", "{47999AD9-AB42-4E2D-8C04-E10117107561}"
	ProjectSection(SolutionItems) = preProject
		..\..\doc\Cshap.doc = ..\..\doc\Cshap.doc
		..\..\doc\Hardware.doc = ..\..\doc\Hardware.doc
		..\..\doc\jquery.easyui-1.2.2.chm = ..\..\doc\jquery.easyui-1.2.2.chm
		..\..\doc\jquery1.7.2_20120420.chm = ..\..\doc\jquery1.7.2_20120420.chm
		..\..\doc\menu.txt = ..\..\doc\menu.txt
		..\..\doc\old_data.vsd = ..\..\doc\old_data.vsd
		..\..\doc\xgjs.txt = ..\..\doc\xgjs.txt
		..\..\doc\zyxxb.xls = ..\..\doc\zyxxb.xls
	EndProjectSection
EndProject
Project("{FAE04EC0-301F-11D3-BF4B-00C04F79EFBC}") = "THOK.Wms.SignalR", "THOK.Wms.SignalR\THOK.Wms.SignalR.csproj", "{04A2C9B1-0F35-42CF-A6A7-4319D7C6E95F}"
EndProject
Project("{FAE04EC0-301F-11D3-BF4B-00C04F79EFBC}") = "Entities.Extensions", "Entities.Extensions\Entities.Extensions.csproj", "{D629856F-6F11-4A87-8440-A5B66383A26A}"
EndProject
Global
	GlobalSection(SolutionConfigurationPlatforms) = preSolution
		Debug|Any CPU = Debug|Any CPU
		Release|Any CPU = Release|Any CPU
	EndGlobalSection
	GlobalSection(ProjectConfigurationPlatforms) = postSolution
		{A8E32F0A-A9F4-4CDD-8C7A-8304CD034070}.Debug|Any CPU.ActiveCfg = Debug|Any CPU
		{A8E32F0A-A9F4-4CDD-8C7A-8304CD034070}.Debug|Any CPU.Build.0 = Debug|Any CPU
		{A8E32F0A-A9F4-4CDD-8C7A-8304CD034070}.Release|Any CPU.ActiveCfg = Release|Any CPU
		{A8E32F0A-A9F4-4CDD-8C7A-8304CD034070}.Release|Any CPU.Build.0 = Release|Any CPU
		{8375EB8C-20CB-4E3E-BCF4-85E54F61D241}.Debug|Any CPU.ActiveCfg = Debug|Any CPU
		{8375EB8C-20CB-4E3E-BCF4-85E54F61D241}.Debug|Any CPU.Build.0 = Debug|Any CPU
		{8375EB8C-20CB-4E3E-BCF4-85E54F61D241}.Release|Any CPU.ActiveCfg = Release|Any CPU
		{8375EB8C-20CB-4E3E-BCF4-85E54F61D241}.Release|Any CPU.Build.0 = Release|Any CPU
		{F7EB9C5D-6082-4DE6-B1C0-740AFF0CFE11}.Debug|Any CPU.ActiveCfg = Debug|Any CPU
		{F7EB9C5D-6082-4DE6-B1C0-740AFF0CFE11}.Debug|Any CPU.Build.0 = Debug|Any CPU
		{F7EB9C5D-6082-4DE6-B1C0-740AFF0CFE11}.Release|Any CPU.ActiveCfg = Release|Any CPU
		{F7EB9C5D-6082-4DE6-B1C0-740AFF0CFE11}.Release|Any CPU.Build.0 = Release|Any CPU
		{E243AB76-351D-4C97-BFE3-D55E0BA0DECF}.Debug|Any CPU.ActiveCfg = Debug|Any CPU
		{E243AB76-351D-4C97-BFE3-D55E0BA0DECF}.Debug|Any CPU.Build.0 = Debug|Any CPU
		{E243AB76-351D-4C97-BFE3-D55E0BA0DECF}.Release|Any CPU.ActiveCfg = Release|Any CPU
		{E243AB76-351D-4C97-BFE3-D55E0BA0DECF}.Release|Any CPU.Build.0 = Release|Any CPU
		{2F9C4207-F8A0-4E55-A2CB-3514ADC0A437}.Debug|Any CPU.ActiveCfg = Debug|Any CPU
		{2F9C4207-F8A0-4E55-A2CB-3514ADC0A437}.Debug|Any CPU.Build.0 = Debug|Any CPU
		{2F9C4207-F8A0-4E55-A2CB-3514ADC0A437}.Release|Any CPU.ActiveCfg = Release|Any CPU
		{2F9C4207-F8A0-4E55-A2CB-3514ADC0A437}.Release|Any CPU.Build.0 = Release|Any CPU
		{59FB8EB5-F5B8-4423-8550-A7819C855CDE}.Debug|Any CPU.ActiveCfg = Debug|Any CPU
		{59FB8EB5-F5B8-4423-8550-A7819C855CDE}.Debug|Any CPU.Build.0 = Debug|Any CPU
		{59FB8EB5-F5B8-4423-8550-A7819C855CDE}.Release|Any CPU.ActiveCfg = Release|Any CPU
		{59FB8EB5-F5B8-4423-8550-A7819C855CDE}.Release|Any CPU.Build.0 = Release|Any CPU
		{EC6DCF36-B010-4E48-88FC-BABC33EBCCFB}.Debug|Any CPU.ActiveCfg = Debug|Any CPU
		{EC6DCF36-B010-4E48-88FC-BABC33EBCCFB}.Debug|Any CPU.Build.0 = Debug|Any CPU
		{EC6DCF36-B010-4E48-88FC-BABC33EBCCFB}.Release|Any CPU.ActiveCfg = Release|Any CPU
		{EC6DCF36-B010-4E48-88FC-BABC33EBCCFB}.Release|Any CPU.Build.0 = Release|Any CPU
		{DB6CC091-9BC6-415C-A0D2-E34289669102}.Debug|Any CPU.ActiveCfg = Debug|Any CPU
		{DB6CC091-9BC6-415C-A0D2-E34289669102}.Debug|Any CPU.Build.0 = Debug|Any CPU
		{DB6CC091-9BC6-415C-A0D2-E34289669102}.Release|Any CPU.ActiveCfg = Release|Any CPU
		{DB6CC091-9BC6-415C-A0D2-E34289669102}.Release|Any CPU.Build.0 = Release|Any CPU
		{2B8E7C92-13CA-426C-94DA-7D021EBD504C}.Debug|Any CPU.ActiveCfg = Debug|Any CPU
		{2B8E7C92-13CA-426C-94DA-7D021EBD504C}.Debug|Any CPU.Build.0 = Debug|Any CPU
		{2B8E7C92-13CA-426C-94DA-7D021EBD504C}.Release|Any CPU.ActiveCfg = Release|Any CPU
		{2B8E7C92-13CA-426C-94DA-7D021EBD504C}.Release|Any CPU.Build.0 = Release|Any CPU
		{259E5E16-41D8-420F-A11C-72BEE784B5CB}.Debug|Any CPU.ActiveCfg = Debug|Any CPU
		{259E5E16-41D8-420F-A11C-72BEE784B5CB}.Debug|Any CPU.Build.0 = Debug|Any CPU
		{259E5E16-41D8-420F-A11C-72BEE784B5CB}.Release|Any CPU.ActiveCfg = Release|Any CPU
		{259E5E16-41D8-420F-A11C-72BEE784B5CB}.Release|Any CPU.Build.0 = Release|Any CPU
		{B6AE2761-94D7-45B1-989E-F1BC3B860590}.Debug|Any CPU.ActiveCfg = Debug|Any CPU
		{B6AE2761-94D7-45B1-989E-F1BC3B860590}.Debug|Any CPU.Build.0 = Debug|Any CPU
		{B6AE2761-94D7-45B1-989E-F1BC3B860590}.Release|Any CPU.ActiveCfg = Release|Any CPU
		{B6AE2761-94D7-45B1-989E-F1BC3B860590}.Release|Any CPU.Build.0 = Release|Any CPU
		{330D59D0-3B57-4F12-BB7D-49AF46DCD46D}.Debug|Any CPU.ActiveCfg = Debug|Any CPU
		{330D59D0-3B57-4F12-BB7D-49AF46DCD46D}.Debug|Any CPU.Build.0 = Debug|Any CPU
		{330D59D0-3B57-4F12-BB7D-49AF46DCD46D}.Release|Any CPU.ActiveCfg = Release|Any CPU
		{330D59D0-3B57-4F12-BB7D-49AF46DCD46D}.Release|Any CPU.Build.0 = Release|Any CPU
		{04A2C9B1-0F35-42CF-A6A7-4319D7C6E95F}.Debug|Any CPU.ActiveCfg = Debug|Any CPU
		{04A2C9B1-0F35-42CF-A6A7-4319D7C6E95F}.Debug|Any CPU.Build.0 = Debug|Any CPU
		{04A2C9B1-0F35-42CF-A6A7-4319D7C6E95F}.Release|Any CPU.ActiveCfg = Release|Any CPU
		{04A2C9B1-0F35-42CF-A6A7-4319D7C6E95F}.Release|Any CPU.Build.0 = Release|Any CPU
		{D629856F-6F11-4A87-8440-A5B66383A26A}.Debug|Any CPU.ActiveCfg = Debug|Any CPU
		{D629856F-6F11-4A87-8440-A5B66383A26A}.Debug|Any CPU.Build.0 = Debug|Any CPU
		{D629856F-6F11-4A87-8440-A5B66383A26A}.Release|Any CPU.ActiveCfg = Release|Any CPU
		{D629856F-6F11-4A87-8440-A5B66383A26A}.Release|Any CPU.Build.0 = Release|Any CPU
	EndGlobalSection
	GlobalSection(SolutionProperties) = preSolution
		HideSolutionNode = FALSE
	EndGlobalSection
EndGlobal
